
Microsoft Visual Studio Solution File, Format Version 12.00
# Visual Studio Version 17
VisualStudioVersion = 17.0.31903.59
MinimumVisualStudioVersion = 10.0.40219.1
Project("{2150E333-8FDC-42A3-9474-1A3956D46DE8}") = "src", "src", "{827E0CD3-B72D-47B6-A68D-7590B98EB39B}"
EndProject
Project("{FAE04EC0-301F-11D3-BF4B-00C04F79EFBC}") = "CopilotJourney.Api", "src\CopilotJourney.Api\CopilotJourney.Api.csproj", "{A8F3F954-6208-471A-9002-670014AC7F14}"
EndProject
Project("{FAE04EC0-301F-11D3-BF4B-00C04F79EFBC}") = "CopilotJourney.Domain", "src\CopilotJourney.Domain\CopilotJourney.Domain.csproj", "{FAB34E51-149E-4B05-819B-D8926BD515D8}"
EndProject
Project("{FAE04EC0-301F-11D3-BF4B-00C04F79EFBC}") = "CopilotJourney.Application", "src\CopilotJourney.Application\CopilotJourney.Application.csproj", "{AF5E9860-E525-46DC-885C-EA592EDC2497}"
EndProject
Project("{FAE04EC0-301F-11D3-BF4B-00C04F79EFBC}") = "CopilotJourney.Infrastructure", "src\CopilotJourney.Infrastructure\CopilotJourney.Infrastructure.csproj", "{18795936-BED8-4868-8437-6127CBCD9FD2}"
EndProject
Global
	GlobalSection(SolutionConfigurationPlatforms) = preSolution
		Debug|Any CPU = Debug|Any CPU
		Debug|x64 = Debug|x64
		Debug|x86 = Debug|x86
		Release|Any CPU = Release|Any CPU
		Release|x64 = Release|x64
		Release|x86 = Release|x86
	EndGlobalSection
	GlobalSection(ProjectConfigurationPlatforms) = postSolution
		{A8F3F954-6208-471A-9002-670014AC7F14}.Debug|Any CPU.ActiveCfg = Debug|Any CPU
		{A8F3F954-6208-471A-9002-670014AC7F14}.Debug|Any CPU.Build.0 = Debug|Any CPU
		{A8F3F954-6208-471A-9002-670014AC7F14}.Debug|x64.ActiveCfg = Debug|Any CPU
		{A8F3F954-6208-471A-9002-670014AC7F14}.Debug|x64.Build.0 = Debug|Any CPU
		{A8F3F954-6208-471A-9002-670014AC7F14}.Debug|x86.ActiveCfg = Debug|Any CPU
		{A8F3F954-6208-471A-9002-670014AC7F14}.Debug|x86.Build.0 = Debug|Any CPU
		{A8F3F954-6208-471A-9002-670014AC7F14}.Release|Any CPU.ActiveCfg = Release|Any CPU
		{A8F3F954-6208-471A-9002-670014AC7F14}.Release|Any CPU.Build.0 = Release|Any CPU
		{A8F3F954-6208-471A-9002-670014AC7F14}.Release|x64.ActiveCfg = Release|Any CPU
		{A8F3F954-6208-471A-9002-670014AC7F14}.Release|x64.Build.0 = Release|Any CPU
		{A8F3F954-6208-471A-9002-670014AC7F14}.Release|x86.ActiveCfg = Release|Any CPU
		{A8F3F954-6208-471A-9002-670014AC7F14}.Release|x86.Build.0 = Release|Any CPU
		{FAB34E51-149E-4B05-819B-D8926BD515D8}.Debug|Any CPU.ActiveCfg = Debug|Any CPU
		{FAB34E51-149E-4B05-819B-D8926BD515D8}.Debug|Any CPU.Build.0 = Debug|Any CPU
		{FAB34E51-149E-4B05-819B-D8926BD515D8}.Debug|x64.ActiveCfg = Debug|Any CPU
		{FAB34E51-149E-4B05-819B-D8926BD515D8}.Debug|x64.Build.0 = Debug|Any CPU
		{FAB34E51-149E-4B05-819B-D8926BD515D8}.Debug|x86.ActiveCfg = Debug|Any CPU
		{FAB34E51-149E-4B05-819B-D8926BD515D8}.Debug|x86.Build.0 = Debug|Any CPU
		{FAB34E51-149E-4B05-819B-D8926BD515D8}.Release|Any CPU.ActiveCfg = Release|Any CPU
		{FAB34E51-149E-4B05-819B-D8926BD515D8}.Release|Any CPU.Build.0 = Release|Any CPU
		{FAB34E51-149E-4B05-819B-D8926BD515D8}.Release|x64.ActiveCfg = Release|Any CPU
		{FAB34E51-149E-4B05-819B-D8926BD515D8}.Release|x64.Build.0 = Release|Any CPU
		{FAB34E51-149E-4B05-819B-D8926BD515D8}.Release|x86.ActiveCfg = Release|Any CPU
		{FAB34E51-149E-4B05-819B-D8926BD515D8}.Release|x86.Build.0 = Release|Any CPU
		{AF5E9860-E525-46DC-885C-EA592EDC2497}.Debug|Any CPU.ActiveCfg = Debug|Any CPU
		{AF5E9860-E525-46DC-885C-EA592EDC2497}.Debug|Any CPU.Build.0 = Debug|Any CPU
		{AF5E9860-E525-46DC-885C-EA592EDC2497}.Debug|x64.ActiveCfg = Debug|Any CPU
		{AF5E9860-E525-46DC-885C-EA592EDC2497}.Debug|x64.Build.0 = Debug|Any CPU
		{AF5E9860-E525-46DC-885C-EA592EDC2497}.Debug|x86.ActiveCfg = Debug|Any CPU
		{AF5E9860-E525-46DC-885C-EA592EDC2497}.Debug|x86.Build.0 = Debug|Any CPU
		{AF5E9860-E525-46DC-885C-EA592EDC2497}.Release|Any CPU.ActiveCfg = Release|Any CPU
		{AF5E9860-E525-46DC-885C-EA592EDC2497}.Release|Any CPU.Build.0 = Release|Any CPU
		{AF5E9860-E525-46DC-885C-EA592EDC2497}.Release|x64.ActiveCfg = Release|Any CPU
		{AF5E9860-E525-46DC-885C-EA592EDC2497}.Release|x64.Build.0 = Release|Any CPU
		{AF5E9860-E525-46DC-885C-EA592EDC2497}.Release|x86.ActiveCfg = Release|Any CPU
		{AF5E9860-E525-46DC-885C-EA592EDC2497}.Release|x86.Build.0 = Release|Any CPU
		{18795936-BED8-4868-8437-6127CBCD9FD2}.Debug|Any CPU.ActiveCfg = Debug|Any CPU
		{18795936-BED8-4868-8437-6127CBCD9FD2}.Debug|Any CPU.Build.0 = Debug|Any CPU
		{18795936-BED8-4868-8437-6127CBCD9FD2}.Debug|x64.ActiveCfg = Debug|Any CPU
		{18795936-BED8-4868-8437-6127CBCD9FD2}.Debug|x64.Build.0 = Debug|Any CPU
		{18795936-BED8-4868-8437-6127CBCD9FD2}.Debug|x86.ActiveCfg = Debug|Any CPU
		{18795936-BED8-4868-8437-6127CBCD9FD2}.Debug|x86.Build.0 = Debug|Any CPU
		{18795936-BED8-4868-8437-6127CBCD9FD2}.Release|Any CPU.ActiveCfg = Release|Any CPU
		{18795936-BED8-4868-8437-6127CBCD9FD2}.Release|Any CPU.Build.0 = Release|Any CPU
		{18795936-BED8-4868-8437-6127CBCD9FD2}.Release|x64.ActiveCfg = Release|Any CPU
		{18795936-BED8-4868-8437-6127CBCD9FD2}.Release|x64.Build.0 = Release|Any CPU
		{18795936-BED8-4868-8437-6127CBCD9FD2}.Release|x86.ActiveCfg = Release|Any CPU
		{18795936-BED8-4868-8437-6127CBCD9FD2}.Release|x86.Build.0 = Release|Any CPU
	EndGlobalSection
	GlobalSection(SolutionProperties) = preSolution
		HideSolutionNode = FALSE
	EndGlobalSection
	GlobalSection(NestedProjects) = preSolution
		{A8F3F954-6208-471A-9002-670014AC7F14} = {827E0CD3-B72D-47B6-A68D-7590B98EB39B}
		{FAB34E51-149E-4B05-819B-D8926BD515D8} = {827E0CD3-B72D-47B6-A68D-7590B98EB39B}
		{AF5E9860-E525-46DC-885C-EA592EDC2497} = {827E0CD3-B72D-47B6-A68D-7590B98EB39B}
		{18795936-BED8-4868-8437-6127CBCD9FD2} = {827E0CD3-B72D-47B6-A68D-7590B98EB39B}
	EndGlobalSection
EndGlobal
